// !$*UTF8*$!
{
	archiveVersion = 1;
	classes = {
	};
	objectVersion = 46;
	objects = {

/* Begin PBXBuildFile section */
		94793B511D8FC11000807EEB /* main.m in Sources */ = {isa = PBXBuildFile; fileRef = 94793B501D8FC11000807EEB /* main.m */; };
		94793B541D8FC11000807EEB /* AppDelegate.m in Sources */ = {isa = PBXBuildFile; fileRef = 94793B531D8FC11000807EEB /* AppDelegate.m */; };
		94793B571D8FC11000807EEB /* ViewController.m in Sources */ = {isa = PBXBuildFile; fileRef = 94793B561D8FC11000807EEB /* ViewController.m */; };
		94793B5A1D8FC11000807EEB /* Main.storyboard in Resources */ = {isa = PBXBuildFile; fileRef = 94793B581D8FC11000807EEB /* Main.storyboard */; };
		94793B5C1D8FC11000807EEB /* Assets.xcassets in Resources */ = {isa = PBXBuildFile; fileRef = 94793B5B1D8FC11000807EEB /* Assets.xcassets */; };
		94793B5F1D8FC11000807EEB /* LaunchScreen.storyboard in Resources */ = {isa = PBXBuildFile; fileRef = 94793B5D1D8FC11000807EEB /* LaunchScreen.storyboard */; };
		94793B6A1D8FC11000807EEB /* WYSplitViewControllerDemoTests.m in Sources */ = {isa = PBXBuildFile; fileRef = 94793B691D8FC11000807EEB /* WYSplitViewControllerDemoTests.m */; };
		94793B751D8FC11000807EEB /* WYSplitViewControllerDemoUITests.m in Sources */ = {isa = PBXBuildFile; fileRef = 94793B741D8FC11000807EEB /* WYSplitViewControllerDemoUITests.m */; };
		94793B8A1D8FC59100807EEB /* WYRightViewController.m in Sources */ = {isa = PBXBuildFile; fileRef = 94793B881D8FC59100807EEB /* WYRightViewController.m */; };
		94793B8B1D8FC59100807EEB /* WYRightViewController.xib in Resources */ = {isa = PBXBuildFile; fileRef = 94793B891D8FC59100807EEB /* WYRightViewController.xib */; };
		94793B8F1D8FC8F900807EEB /* WYLeftTableViewController.m in Sources */ = {isa = PBXBuildFile; fileRef = 94793B8D1D8FC8F900807EEB /* WYLeftTableViewController.m */; };
		94793B901D8FC8F900807EEB /* WYLeftTableViewController.xib in Resources */ = {isa = PBXBuildFile; fileRef = 94793B8E1D8FC8F900807EEB /* WYLeftTableViewController.xib */; };
		94793B941D8FCA8F00807EEB /* WYOneViewController.m in Sources */ = {isa = PBXBuildFile; fileRef = 94793B921D8FCA8F00807EEB /* WYOneViewController.m */; };
		94793B951D8FCA8F00807EEB /* WYOneViewController.xib in Resources */ = {isa = PBXBuildFile; fileRef = 94793B931D8FCA8F00807EEB /* WYOneViewController.xib */; };
		94793B991D8FCA9F00807EEB /* WYTwoViewController.m in Sources */ = {isa = PBXBuildFile; fileRef = 94793B971D8FCA9F00807EEB /* WYTwoViewController.m */; };
		94793B9A1D8FCA9F00807EEB /* WYTwoViewController.xib in Resources */ = {isa = PBXBuildFile; fileRef = 94793B981D8FCA9F00807EEB /* WYTwoViewController.xib */; };
		94793B9E1D8FCAAC00807EEB /* WYThreeViewController.m in Sources */ = {isa = PBXBuildFile; fileRef = 94793B9C1D8FCAAC00807EEB /* WYThreeViewController.m */; };
		94793B9F1D8FCAAC00807EEB /* WYThreeViewController.xib in Resources */ = {isa = PBXBuildFile; fileRef = 94793B9D1D8FCAAC00807EEB /* WYThreeViewController.xib */; };
/* End PBXBuildFile section */

/* Begin PBXContainerItemProxy section */
		94793B661D8FC11000807EEB /* PBXContainerItemProxy */ = {
			isa = PBXContainerItemProxy;
			containerPortal = 94793B441D8FC11000807EEB /* Project object */;
			proxyType = 1;
			remoteGlobalIDString = 94793B4B1D8FC11000807EEB;
			remoteInfo = WYSplitViewControllerDemo;
		};
		94793B711D8FC11000807EEB /* PBXContainerItemProxy */ = {
			isa = PBXContainerItemProxy;
			containerPortal = 94793B441D8FC11000807EEB /* Project object */;
			proxyType = 1;
			remoteGlobalIDString = 94793B4B1D8FC11000807EEB;
			remoteInfo = WYSplitViewControllerDemo;
		};
/* End PBXContainerItemProxy section */

/* Begin PBXFileReference section */
		94793B4C1D8FC11000807EEB /* WYSplitViewControllerDemo.app */ = {isa = PBXFileReference; explicitFileType = wrapper.application; includeInIndex = 0; path = WYSplitViewControllerDemo.app; sourceTree = BUILT_PRODUCTS_DIR; };
		94793B501D8FC11000807EEB /* main.m */ = {isa = PBXFileReference; lastKnownFileType = sourcecode.c.objc; path = main.m; sourceTree = "<group>"; };
		94793B521D8FC11000807EEB /* AppDelegate.h */ = {isa = PBXFileReference; lastKnownFileType = sourcecode.c.h; path = AppDelegate.h; sourceTree = "<group>"; };
		94793B531D8FC11000807EEB /* AppDelegate.m */ = {isa = PBXFileReference; lastKnownFileType = sourcecode.c.objc; path = AppDelegate.m; sourceTree = "<group>"; };
		94793B551D8FC11000807EEB /* ViewController.h */ = {isa = PBXFileReference; lastKnownFileType = sourcecode.c.h; path = ViewController.h; sourceTree = "<group>"; };
		94793B561D8FC11000807EEB /* ViewController.m */ = {isa = PBXFileReference; lastKnownFileType = sourcecode.c.objc; path = ViewController.m; sourceTree = "<group>"; };
		94793B591D8FC11000807EEB /* Base */ = {isa = PBXFileReference; lastKnownFileType = file.storyboard; name = Base; path = Base.lproj/Main.storyboard; sourceTree = "<group>"; };
		94793B5B1D8FC11000807EEB /* Assets.xcassets */ = {isa = PBXFileReference; lastKnownFileType = folder.assetcatalog; path = Assets.xcassets; sourceTree = "<group>"; };
		94793B5E1D8FC11000807EEB /* Base */ = {isa = PBXFileReference; lastKnownFileType = file.storyboard; name = Base; path = Base.lproj/LaunchScreen.storyboard; sourceTree = "<group>"; };
		94793B601D8FC11000807EEB /* Info.plist */ = {isa = PBXFileReference; lastKnownFileType = text.plist.xml; path = Info.plist; sourceTree = "<group>"; };
		94793B651D8FC11000807EEB /* WYSplitViewControllerDemoTests.xctest */ = {isa = PBXFileReference; explicitFileType = wrapper.cfbundle; includeInIndex = 0; path = WYSplitViewControllerDemoTests.xctest; sourceTree = BUILT_PRODUCTS_DIR; };
		94793B691D8FC11000807EEB /* WYSplitViewControllerDemoTests.m */ = {isa = PBXFileReference; lastKnownFileType = sourcecode.c.objc; path = WYSplitViewControllerDemoTests.m; sourceTree = "<group>"; };
		94793B6B1D8FC11000807EEB /* Info.plist */ = {isa = PBXFileReference; lastKnownFileType = text.plist.xml; path = Info.plist; sourceTree = "<group>"; };
		94793B701D8FC11000807EEB /* WYSplitViewControllerDemoUITests.xctest */ = {isa = PBXFileReference; explicitFileType = wrapper.cfbundle; includeInIndex = 0; path = WYSplitViewControllerDemoUITests.xctest; sourceTree = BUILT_PRODUCTS_DIR; };
		94793B741D8FC11000807EEB /* WYSplitViewControllerDemoUITests.m */ = {isa = PBXFileReference; lastKnownFileType = sourcecode.c.objc; path = WYSplitViewControllerDemoUITests.m; sourceTree = "<group>"; };
		94793B761D8FC11000807EEB /* Info.plist */ = {isa = PBXFileReference; lastKnownFileType = text.plist.xml; path = Info.plist; sourceTree = "<group>"; };
		94793B871D8FC59100807EEB /* WYRightViewController.h */ = {isa = PBXFileReference; fileEncoding = 4; lastKnownFileType = sourcecode.c.h; path = WYRightViewController.h; sourceTree = "<group>"; };
		94793B881D8FC59100807EEB /* WYRightViewController.m */ = {isa = PBXFileReference; fileEncoding = 4; lastKnownFileType = sourcecode.c.objc; path = WYRightViewController.m; sourceTree = "<group>"; };
		94793B891D8FC59100807EEB /* WYRightViewController.xib */ = {isa = PBXFileReference; fileEncoding = 4; lastKnownFileType = file.xib; path = WYRightViewController.xib; sourceTree = "<group>"; };
		94793B8C1D8FC8F900807EEB /* WYLeftTableViewController.h */ = {isa = PBXFileReference; fileEncoding = 4; lastKnownFileType = sourcecode.c.h; path = WYLeftTableViewController.h; sourceTree = "<group>"; };
		94793B8D1D8FC8F900807EEB /* WYLeftTableViewController.m */ = {isa = PBXFileReference; fileEncoding = 4; lastKnownFileType = sourcecode.c.objc; path = WYLeftTableViewController.m; sourceTree = "<group>"; };
		94793B8E1D8FC8F900807EEB /* WYLeftTableViewController.xib */ = {isa = PBXFileReference; fileEncoding = 4; lastKnownFileType = file.xib; path = WYLeftTableViewController.xib; sourceTree = "<group>"; };
		94793B911D8FCA8F00807EEB /* WYOneViewController.h */ = {isa = PBXFileReference; fileEncoding = 4; lastKnownFileType = sourcecode.c.h; path = WYOneViewController.h; sourceTree = "<group>"; };
		94793B921D8FCA8F00807EEB /* WYOneViewController.m */ = {isa = PBXFileReference; fileEncoding = 4; lastKnownFileType = sourcecode.c.objc; path = WYOneViewController.m; sourceTree = "<group>"; };
		94793B931D8FCA8F00807EEB /* WYOneViewController.xib */ = {isa = PBXFileReference; fileEncoding = 4; lastKnownFileType = file.xib; path = WYOneViewController.xib; sourceTree = "<group>"; };
		94793B961D8FCA9F00807EEB /* WYTwoViewController.h */ = {isa = PBXFileReference; fileEncoding = 4; lastKnownFileType = sourcecode.c.h; path = WYTwoViewController.h; sourceTree = "<group>"; };
		94793B971D8FCA9F00807EEB /* WYTwoViewController.m */ = {isa = PBXFileReference; fileEncoding = 4; lastKnownFileType = sourcecode.c.objc; path = WYTwoViewController.m; sourceTree = "<group>"; };
		94793B981D8FCA9F00807EEB /* WYTwoViewController.xib */ = {isa = PBXFileReference; fileEncoding = 4; lastKnownFileType = file.xib; path = WYTwoViewController.xib; sourceTree = "<group>"; };
		94793B9B1D8FCAAC00807EEB /* WYThreeViewController.h */ = {isa = PBXFileReference; fileEncoding = 4; lastKnownFileType = sourcecode.c.h; path = WYThreeViewController.h; sourceTree = "<group>"; };
		94793B9C1D8FCAAC00807EEB /* WYThreeViewController.m */ = {isa = PBXFileReference; fileEncoding = 4; lastKnownFileType = sourcecode.c.objc; path = WYThreeViewController.m; sourceTree = "<group>"; };
		94793B9D1D8FCAAC00807EEB /* WYThreeViewController.xib */ = {isa = PBXFileReference; fileEncoding = 4; lastKnownFileType = file.xib; path = WYThreeViewController.xib; sourceTree = "<group>"; };
/* End PBXFileReference section */

/* Begin PBXFrameworksBuildPhase section */
		94793B491D8FC11000807EEB /* Frameworks */ = {
			isa = PBXFrameworksBuildPhase;
			buildActionMask = 2147483647;
			files = (
			);
			runOnlyForDeploymentPostprocessing = 0;
		};
		94793B621D8FC11000807EEB /* Frameworks */ = {
			isa = PBXFrameworksBuildPhase;
			buildActionMask = 2147483647;
			files = (
			);
			runOnlyForDeploymentPostprocessing = 0;
		};
		94793B6D1D8FC11000807EEB /* Frameworks */ = {
			isa = PBXFrameworksBuildPhase;
			buildActionMask = 2147483647;
			files = (
			);
			runOnlyForDeploymentPostprocessing = 0;
		};
/* End PBXFrameworksBuildPhase section */

/* Begin PBXGroup section */
		94793B431D8FC11000807EEB = {
			isa = PBXGroup;
			children = (
				94793B4E1D8FC11000807EEB /* WYSplitViewControllerDemo */,
				94793B681D8FC11000807EEB /* WYSplitViewControllerDemoTests */,
				94793B731D8FC11000807EEB /* WYSplitViewControllerDemoUITests */,
				94793B4D1D8FC11000807EEB /* Products */,
			);
			sourceTree = "<group>";
		};
		94793B4D1D8FC11000807EEB /* Products */ = {
			isa = PBXGroup;
			children = (
				94793B4C1D8FC11000807EEB /* WYSplitViewControllerDemo.app */,
				94793B651D8FC11000807EEB /* WYSplitViewControllerDemoTests.xctest */,
				94793B701D8FC11000807EEB /* WYSplitViewControllerDemoUITests.xctest */,
			);
			name = Products;
			sourceTree = "<group>";
		};
		94793B4E1D8FC11000807EEB /* WYSplitViewControllerDemo */ = {
			isa = PBXGroup;
			children = (
				94793BA21D8FDB9E00807EEB /* RightChildVc */,
				94793BA11D8FDB9900807EEB /* rightVC */,
				94793BA01D8FDB9300807EEB /* leftVc */,
				94793B521D8FC11000807EEB /* AppDelegate.h */,
				94793B531D8FC11000807EEB /* AppDelegate.m */,
				94793B551D8FC11000807EEB /* ViewController.h */,
				94793B561D8FC11000807EEB /* ViewController.m */,
				94793B581D8FC11000807EEB /* Main.storyboard */,
				94793B5B1D8FC11000807EEB /* Assets.xcassets */,
				94793B5D1D8FC11000807EEB /* LaunchScreen.storyboard */,
				94793B601D8FC11000807EEB /* Info.plist */,
				94793B4F1D8FC11000807EEB /* Supporting Files */,
			);
			path = WYSplitViewControllerDemo;
			sourceTree = "<group>";
		};
		94793B4F1D8FC11000807EEB /* Supporting Files */ = {
			isa = PBXGroup;
			children = (
				94793B501D8FC11000807EEB /* main.m */,
			);
			name = "Supporting Files";
			sourceTree = "<group>";
		};
		94793B681D8FC11000807EEB /* WYSplitViewControllerDemoTests */ = {
			isa = PBXGroup;
			children = (
				94793B691D8FC11000807EEB /* WYSplitViewControllerDemoTests.m */,
				94793B6B1D8FC11000807EEB /* Info.plist */,
			);
			path = WYSplitViewControllerDemoTests;
			sourceTree = "<group>";
		};
		94793B731D8FC11000807EEB /* WYSplitViewControllerDemoUITests */ = {
			isa = PBXGroup;
			children = (
				94793B741D8FC11000807EEB /* WYSplitViewControllerDemoUITests.m */,
				94793B761D8FC11000807EEB /* Info.plist */,
			);
			path = WYSplitViewControllerDemoUITests;
			sourceTree = "<group>";
		};
		94793BA01D8FDB9300807EEB /* leftVc */ = {
			isa = PBXGroup;
			children = (
				94793B8C1D8FC8F900807EEB /* WYLeftTableViewController.h */,
				94793B8D1D8FC8F900807EEB /* WYLeftTableViewController.m */,
				94793B8E1D8FC8F900807EEB /* WYLeftTableViewController.xib */,
			);
			name = leftVc;
			sourceTree = "<group>";
		};
		94793BA11D8FDB9900807EEB /* rightVC */ = {
			isa = PBXGroup;
			children = (
				94793B871D8FC59100807EEB /* WYRightViewController.h */,
				94793B881D8FC59100807EEB /* WYRightViewController.m */,
				94793B891D8FC59100807EEB /* WYRightViewController.xib */,
			);
			name = rightVC;
			sourceTree = "<group>";
		};
		94793BA21D8FDB9E00807EEB /* RightChildVc */ = {
			isa = PBXGroup;
			children = (
				94793B911D8FCA8F00807EEB /* WYOneViewController.h */,
				94793B921D8FCA8F00807EEB /* WYOneViewController.m */,
				94793B931D8FCA8F00807EEB /* WYOneViewController.xib */,
				94793B961D8FCA9F00807EEB /* WYTwoViewController.h */,
				94793B971D8FCA9F00807EEB /* WYTwoViewController.m */,
				94793B981D8FCA9F00807EEB /* WYTwoViewController.xib */,
				94793B9B1D8FCAAC00807EEB /* WYThreeViewController.h */,
				94793B9C1D8FCAAC00807EEB /* WYThreeViewController.m */,
				94793B9D1D8FCAAC00807EEB /* WYThreeViewController.xib */,
			);
			name = RightChildVc;
			sourceTree = "<group>";
		};
/* End PBXGroup section */

/* Begin PBXNativeTarget section */
		94793B4B1D8FC11000807EEB /* WYSplitViewControllerDemo */ = {
			isa = PBXNativeTarget;
			buildConfigurationList = 94793B791D8FC11000807EEB /* Build configuration list for PBXNativeTarget "WYSplitViewControllerDemo" */;
			buildPhases = (
				94793B481D8FC11000807EEB /* Sources */,
				94793B491D8FC11000807EEB /* Frameworks */,
				94793B4A1D8FC11000807EEB /* Resources */,
			);
			buildRules = (
			);
			dependencies = (
			);
			name = WYSplitViewControllerDemo;
			productName = WYSplitViewControllerDemo;
			productReference = 94793B4C1D8FC11000807EEB /* WYSplitViewControllerDemo.app */;
			productType = "com.apple.product-type.application";
		};
		94793B641D8FC11000807EEB /* WYSplitViewControllerDemoTests */ = {
			isa = PBXNativeTarget;
			buildConfigurationList = 94793B7C1D8FC11000807EEB /* Build configuration list for PBXNativeTarget "WYSplitViewControllerDemoTests" */;
			buildPhases = (
				94793B611D8FC11000807EEB /* Sources */,
				94793B621D8FC11000807EEB /* Frameworks */,
				94793B631D8FC11000807EEB /* Resources */,
			);
			buildRules = (
			);
			dependencies = (
				94793B671D8FC11000807EEB /* PBXTargetDependency */,
			);
			name = WYSplitViewControllerDemoTests;
			productName = WYSplitViewControllerDemoTests;
			productReference = 94793B651D8FC11000807EEB /* WYSplitViewControllerDemoTests.xctest */;
			productType = "com.apple.product-type.bundle.unit-test";
		};
		94793B6F1D8FC11000807EEB /* WYSplitViewControllerDemoUITests */ = {
			isa = PBXNativeTarget;
			buildConfigurationList = 94793B7F1D8FC11000807EEB /* Build configuration list for PBXNativeTarget "WYSplitViewControllerDemoUITests" */;
			buildPhases = (
				94793B6C1D8FC11000807EEB /* Sources */,
				94793B6D1D8FC11000807EEB /* Frameworks */,
				94793B6E1D8FC11000807EEB /* Resources */,
			);
			buildRules = (
			);
			dependencies = (
				94793B721D8FC11000807EEB /* PBXTargetDependency */,
			);
			name = WYSplitViewControllerDemoUITests;
			productName = WYSplitViewControllerDemoUITests;
			productReference = 94793B701D8FC11000807EEB /* WYSplitViewControllerDemoUITests.xctest */;
			productType = "com.apple.product-type.bundle.ui-testing";
		};
/* End PBXNativeTarget section */

/* Begin PBXProject section */
		94793B441D8FC11000807EEB /* Project object */ = {
			isa = PBXProject;
			attributes = {
				CLASSPREFIX = WY;
				LastUpgradeCheck = 0720;
				ORGANIZATIONNAME = lwy1218;
				TargetAttributes = {
					94793B4B1D8FC11000807EEB = {
						CreatedOnToolsVersion = 7.2;
					};
					94793B641D8FC11000807EEB = {
						CreatedOnToolsVersion = 7.2;
						TestTargetID = 94793B4B1D8FC11000807EEB;
					};
					94793B6F1D8FC11000807EEB = {
						CreatedOnToolsVersion = 7.2;
						TestTargetID = 94793B4B1D8FC11000807EEB;
					};
				};
			};
			buildConfigurationList = 94793B471D8FC11000807EEB /* Build configuration list for PBXProject "WYSplitViewControllerDemo" */;
			compatibilityVersion = "Xcode 3.2";
			developmentRegion = English;
			hasScannedForEncodings = 0;
			knownRegions = (
				en,
				Base,
			);
			mainGroup = 94793B431D8FC11000807EEB;
			productRefGroup = 94793B4D1D8FC11000807EEB /* Products */;
			projectDirPath = "";
			projectRoot = "";
			targets = (
				94793B4B1D8FC11000807EEB /* WYSplitViewControllerDemo */,
				94793B641D8FC11000807EEB /* WYSplitViewControllerDemoTests */,
				94793B6F1D8FC11000807EEB /* WYSplitViewControllerDemoUITests */,
			);
		};
/* End PBXProject section */

/* Begin PBXResourcesBuildPhase section */
		94793B4A1D8FC11000807EEB /* Resources */ = {
			isa = PBXResourcesBuildPhase;
			buildActionMask = 2147483647;
			files = (
				94793B5F1D8FC11000807EEB /* LaunchScreen.storyboard in Resources */,
				94793B9F1D8FCAAC00807EEB /* WYThreeViewController.xib in Resources */,
				94793B9A1D8FCA9F00807EEB /* WYTwoViewController.xib in Resources */,
				94793B5C1D8FC11000807EEB /* Assets.xcassets in Resources */,
				94793B901D8FC8F900807EEB /* WYLeftTableViewController.xib in Resources */,
				94793B5A1D8FC11000807EEB /* Main.storyboard in Resources */,
				94793B8B1D8FC59100807EEB /* WYRightViewController.xib in Resources */,
				94793B951D8FCA8F00807EEB /* WYOneViewController.xib in Resources */,
			);
			runOnlyForDeploymentPostprocessing = 0;
		};
		94793B631D8FC11000807EEB /* Resources */ = {
			isa = PBXResourcesBuildPhase;
			buildActionMask = 2147483647;
			files = (
			);
			runOnlyForDeploymentPostprocessing = 0;
		};
		94793B6E1D8FC11000807EEB /* Resources */ = {
			isa = PBXResourcesBuildPhase;
			buildActionMask = 2147483647;
			files = (
			);
			runOnlyForDeploymentPostprocessing = 0;
		};
/* End PBXResourcesBuildPhase section */

/* Begin PBXSourcesBuildPhase section */
		94793B481D8FC11000807EEB /* Sources */ = {
			isa = PBXSourcesBuildPhase;
			buildActionMask = 2147483647;
			files = (
				94793B571D8FC11000807EEB /* ViewController.m in Sources */,
				94793B9E1D8FCAAC00807EEB /* WYThreeViewController.m in Sources */,
				94793B541D8FC11000807EEB /* AppDelegate.m in Sources */,
				94793B8F1D8FC8F900807EEB /* WYLeftTableViewController.m in Sources */,
				94793B941D8FCA8F00807EEB /* WYOneViewController.m in Sources */,
				94793B8A1D8FC59100807EEB /* WYRightViewController.m in Sources */,
				94793B511D8FC11000807EEB /* main.m in Sources */,
				94793B991D8FCA9F00807EEB /* WYTwoViewController.m in Sources */,
			);
			runOnlyForDeploymentPostprocessing = 0;
		};
		94793B611D8FC11000807EEB /* Sources */ = {
			isa = PBXSourcesBuildPhase;
			buildActionMask = 2147483647;
			files = (
				94793B6A1D8FC11000807EEB /* WYSplitViewControllerDemoTests.m in Sources */,
			);
			runOnlyForDeploymentPostprocessing = 0;
		};
		94793B6C1D8FC11000807EEB /* Sources */ = {
			isa = PBXSourcesBuildPhase;
			buildActionMask = 2147483647;
			files = (
				94793B751D8FC11000807EEB /* WYSplitViewControllerDemoUITests.m in Sources */,
			);
			runOnlyForDeploymentPostprocessing = 0;
		};
/* End PBXSourcesBuildPhase section */

/* Begin PBXTargetDependency section */
		94793B671D8FC11000807EEB /* PBXTargetDependency */ = {
			isa = PBXTargetDependency;
			target = 94793B4B1D8FC11000807EEB /* WYSplitViewControllerDemo */;
			targetProxy = 94793B661D8FC11000807EEB /* PBXContainerItemProxy */;
		};
		94793B721D8FC11000807EEB /* PBXTargetDependency */ = {
			isa = PBXTargetDependency;
			target = 94793B4B1D8FC11000807EEB /* WYSplitViewControllerDemo */;
			targetProxy = 94793B711D8FC11000807EEB /* PBXContainerItemProxy */;
		};
/* End PBXTargetDependency section */

/* Begin PBXVariantGroup section */
		94793B581D8FC11000807EEB /* Main.storyboard */ = {
			isa = PBXVariantGroup;
			children = (
				94793B591D8FC11000807EEB /* Base */,
			);
			name = Main.storyboard;
			sourceTree = "<group>";
		};
		94793B5D1D8FC11000807EEB /* LaunchScreen.storyboard */ = {
			isa = PBXVariantGroup;
			children = (
				94793B5E1D8FC11000807EEB /* Base */,
			);
			name = LaunchScreen.storyboard;
			sourceTree = "<group>";
		};
/* End PBXVariantGroup section */

/* Begin XCBuildConfiguration section */
		94793B771D8FC11000807EEB /* Debug */ = {
			isa = XCBuildConfiguration;
			buildSettings = {
				ALWAYS_SEARCH_USER_PATHS = NO;
				CLANG_CXX_LANGUAGE_STANDARD = "gnu++0x";
				CLANG_CXX_LIBRARY = "libc++";
				CLANG_ENABLE_MODULES = YES;
				CLANG_ENABLE_OBJC_ARC = YES;
				CLANG_WARN_BOOL_CONVERSION = YES;
				CLANG_WARN_CONSTANT_CONVERSION = YES;
				CLANG_WARN_DIRECT_OBJC_ISA_USAGE = YES_ERROR;
				CLANG_WARN_EMPTY_BODY = YES;
				CLANG_WARN_ENUM_CONVERSION = YES;
				CLANG_WARN_INT_CONVERSION = YES;
				CLANG_WARN_OBJC_ROOT_CLASS = YES_ERROR;
				CLANG_WARN_UNREACHABLE_CODE = YES;
				CLANG_WARN__DUPLICATE_METHOD_MATCH = YES;
				"CODE_SIGN_IDENTITY[sdk=iphoneos*]" = "iPhone Developer";
				COPY_PHASE_STRIP = NO;
				DEBUG_INFORMATION_FORMAT = dwarf;
				ENABLE_STRICT_OBJC_MSGSEND = YES;
				ENABLE_TESTABILITY = YES;
				GCC_C_LANGUAGE_STANDARD = gnu99;
				GCC_DYNAMIC_NO_PIC = NO;
				GCC_NO_COMMON_BLOCKS = YES;
				GCC_OPTIMIZATION_LEVEL = 0;
				GCC_PREPROCESSOR_DEFINITIONS = (
					"DEBUG=1",
					"$(inherited)",
				);
				GCC_WARN_64_TO_32_BIT_CONVERSION = YES;
				GCC_WARN_ABOUT_RETURN_TYPE = YES_ERROR;
				GCC_WARN_UNDECLARED_SELECTOR = YES;
				GCC_WARN_UNINITIALIZED_AUTOS = YES_AGGRESSIVE;
				GCC_WARN_UNUSED_FUNCTION = YES;
				GCC_WARN_UNUSED_VARIABLE = YES;
				IPHONEOS_DEPLOYMENT_TARGET = 9.2;
				MTL_ENABLE_DEBUG_INFO = YES;
				ONLY_ACTIVE_ARCH = YES;
				SDKROOT = iphoneos;
				TARGETED_DEVICE_FAMILY = "1,2";
			};
			name = Debug;
		};
		94793B781D8FC11000807EEB /* Release */ = {
			isa = XCBuildConfiguration;
			buildSettings = {
				ALWAYS_SEARCH_USER_PATHS = NO;
				CLANG_CXX_LANGUAGE_STANDARD = "gnu++0x";
				CLANG_CXX_LIBRARY = "libc++";
				CLANG_ENABLE_MODULES = YES;
				CLANG_ENABLE_OBJC_ARC = YES;
				CLANG_WARN_BOOL_CONVERSION = YES;
				CLANG_WARN_CONSTANT_CONVERSION = YES;
				CLANG_WARN_DIRECT_OBJC_ISA_USAGE = YES_ERROR;
				CLANG_WARN_EMPTY_BODY = YES;
				CLANG_WARN_ENUM_CONVERSION = YES;
				CLANG_WARN_INT_CONVERSION = YES;
				CLANG_WARN_OBJC_ROOT_CLASS = YES_ERROR;
				CLANG_WARN_UNREACHABLE_CODE = YES;
				CLANG_WARN__DUPLICATE_METHOD_MATCH = YES;
				"CODE_SIGN_IDENTITY[sdk=iphoneos*]" = "iPhone Developer";
				COPY_PHASE_STRIP = NO;
				DEBUG_INFORMATION_FORMAT = "dwarf-with-dsym";
				ENABLE_NS_ASSERTIONS = NO;
				ENABLE_STRICT_OBJC_MSGSEND = YES;
				GCC_C_LANGUAGE_STANDARD = gnu99;
				GCC_NO_COMMON_BLOCKS = YES;
				GCC_WARN_64_TO_32_BIT_CONVERSION = YES;
				GCC_WARN_ABOUT_RETURN_TYPE = YES_ERROR;
				GCC_WARN_UNDECLARED_SELECTOR = YES;
				GCC_WARN_UNINITIALIZED_AUTOS = YES_AGGRESSIVE;
				GCC_WARN_UNUSED_FUNCTION = YES;
				GCC_WARN_UNUSED_VARIABLE = YES;
				IPHONEOS_DEPLOYMENT_TARGET = 9.2;
				MTL_ENABLE_DEBUG_INFO = NO;
				SDKROOT = iphoneos;
				TARGETED_DEVICE_FAMILY = "1,2";
				VALIDATE_PRODUCT = YES;
			};
			name = Release;
		};
		94793B7A1D8FC11000807EEB /* Debug */ = {
			isa = XCBuildConfiguration;
			buildSettings = {
				ASSETCATALOG_COMPILER_APPICON_NAME = AppIcon;
				INFOPLIST_FILE = WYSplitViewControllerDemo/Info.plist;
				LD_RUNPATH_SEARCH_PATHS = "$(inherited) @executable_path/Frameworks";
				PRODUCT_BUNDLE_IDENTIFIER = lwy.WYSplitViewControllerDemo;
				PRODUCT_NAME = "$(TARGET_NAME)";
			};
			name = Debug;
		};
		94793B7B1D8FC11000807EEB /* Release */ = {
			isa = XCBuildConfiguration;
			buildSettings = {
				ASSETCATALOG_COMPILER_APPICON_NAME = AppIcon;
				INFOPLIST_FILE = WYSplitViewControllerDemo/Info.plist;
				LD_RUNPATH_SEARCH_PATHS = "$(inherited) @executable_path/Frameworks";
				PRODUCT_BUNDLE_IDENTIFIER = lwy.WYSplitViewControllerDemo;
				PRODUCT_NAME = "$(TARGET_NAME)";
			};
			name = Release;
		};
		94793B7D1D8FC11000807EEB /* Debug */ = {
			isa = XCBuildConfiguration;
			buildSettings = {
				BUNDLE_LOADER = "$(TEST_HOST)";
				INFOPLIST_FILE = WYSplitViewControllerDemoTests/Info.plist;
				LD_RUNPATH_SEARCH_PATHS = "$(inherited) @executable_path/Frameworks @loader_path/Frameworks";
				PRODUCT_BUNDLE_IDENTIFIER = lwy.WYSplitViewControllerDemoTests;
				PRODUCT_NAME = "$(TARGET_NAME)";
				TEST_HOST = "$(BUILT_PRODUCTS_DIR)/WYSplitViewControllerDemo.app/WYSplitViewControllerDemo";
			};
			name = Debug;
		};
		94793B7E1D8FC11000807EEB /* Release */ = {
			isa = XCBuildConfiguration;
			buildSettings = {
				BUNDLE_LOADER = "$(TEST_HOST)";
				INFOPLIST_FILE = WYSplitViewControllerDemoTests/Info.plist;
				LD_RUNPATH_SEARCH_PATHS = "$(inherited) @executable_path/Frameworks @loader_path/Frameworks";
				PRODUCT_BUNDLE_IDENTIFIER = lwy.WYSplitViewControllerDemoTests;
				PRODUCT_NAME = "$(TARGET_NAME)";
				TEST_HOST = "$(BUILT_PRODUCTS_DIR)/WYSplitViewControllerDemo.app/WYSplitViewControllerDemo";
			};
			name = Release;
		};
		94793B801D8FC11000807EEB /* Debug */ = {
			isa = XCBuildConfiguration;
			buildSettings = {
				INFOPLIST_FILE = WYSplitViewControllerDemoUITests/Info.plist;
				LD_RUNPATH_SEARCH_PATHS = "$(inherited) @executable_path/Frameworks @loader_path/Frameworks";
				PRODUCT_BUNDLE_IDENTIFIER = lwy.WYSplitViewControllerDemoUITests;
				PRODUCT_NAME = "$(TARGET_NAME)";
				TEST_TARGET_NAME = WYSplitViewControllerDemo;
				USES_XCTRUNNER = YES;
			};
			name = Debug;
		};
		94793B811D8FC11000807EEB /* Release */ = {
			isa = XCBuildConfiguration;
			buildSettings = {
				INFOPLIST_FILE = WYSplitViewControllerDemoUITests/Info.plist;
				LD_RUNPATH_SEARCH_PATHS = "$(inherited) @executable_path/Frameworks @loader_path/Frameworks";
				PRODUCT_BUNDLE_IDENTIFIER = lwy.WYSplitViewControllerDemoUITests;
				PRODUCT_NAME = "$(TARGET_NAME)";
				TEST_TARGET_NAME = WYSplitViewControllerDemo;
				USES_XCTRUNNER = YES;
			};
			name = Release;
		};
/* End XCBuildConfiguration section */

/* Begin XCConfigurationList section */
		94793B471D8FC11000807EEB /* Build configuration list for PBXProject "WYSplitViewControllerDemo" */ = {
			isa = XCConfigurationList;
			buildConfigurations = (
				94793B771D8FC11000807EEB /* Debug */,
				94793B781D8FC11000807EEB /* Release */,
			);
			defaultConfigurationIsVisible = 0;
			defaultConfigurationName = Release;
		};
		94793B791D8FC11000807EEB /* Build configuration list for PBXNativeTarget "WYSplitViewControllerDemo" */ = {
			isa = XCConfigurationList;
			buildConfigurations = (
				94793B7A1D8FC11000807EEB /* Debug */,
				94793B7B1D8FC11000807EEB /* Release */,
			);
			defaultConfigurationIsVisible = 0;
		};
		94793B7C1D8FC11000807EEB /* Build configuration list for PBXNativeTarget "WYSplitViewControllerDemoTests" */ = {
			isa = XCConfigurationList;
			buildConfigurations = (
				94793B7D1D8FC11000807EEB /* Debug */,
				94793B7E1D8FC11000807EEB /* Release */,
			);
			defaultConfigurationIsVisible = 0;
		};
		94793B7F1D8FC11000807EEB /* Build configuration list for PBXNativeTarget "WYSplitViewControllerDemoUITests" */ = {
			isa = XCConfigurationList;
			buildConfigurations = (
				94793B801D8FC11000807EEB /* Debug */,
				94793B811D8FC11000807EEB /* Release */,
			);
			defaultConfigurationIsVisible = 0;
		};
/* End XCConfigurationList section */
	};
	rootObject = 94793B441D8FC11000807EEB /* Project object */;
}
